
Microsoft Visual Studio Solution File, Format Version 12.00
# Visual Studio 15
VisualStudioVersion = 15.0.26228.9
MinimumVisualStudioVersion = 10.0.40219.1
Project("{FAE04EC0-301F-11D3-BF4B-00C04F79EFBC}") = "ASE.ScienceDirectExtractor.Data", "ASE.ScienceDirectExtractor.Data\ASE.ScienceDirectExtractor.Data.csproj", "{A4A50801-6C51-4092-B42B-F7E48AE15C83}"
EndProject
Project("{FAE04EC0-301F-11D3-BF4B-00C04F79EFBC}") = "ASE.ScienceDirectExtractor.ElsevierSearchApi", "ASE.ScienceDirectExtractor.Api\ASE.ScienceDirectExtractor.ElsevierSearchApi.csproj", "{C61774C8-A33A-43A2-BB33-23280BD1BF5B}"
EndProject
Project("{FAE04EC0-301F-11D3-BF4B-00C04F79EFBC}") = "ASE.ScienceDirectExtractor.SearchAuthorApi", "ASE.ScienceDirectExtractor.SearchAuthorApi\ASE.ScienceDirectExtractor.SearchAuthorApi.csproj", "{F59416A2-93C8-4111-92BC-C625499A060A}"
EndProject
Project("{2150E333-8FDC-42A3-9474-1A3956D46DE8}") = "Test", "Test", "{95DBB533-56FD-44BB-A165-5907CCE2FB0A}"
EndProject
Project("{FAE04EC0-301F-11D3-BF4B-00C04F79EFBC}") = "ASE.ScienceDirectExtractor.Test", "ASE.ScienceDirectExtractor.Test\ASE.ScienceDirectExtractor.Test.csproj", "{3F5E8FD8-7B02-4C6D-B9F2-64741FAD312F}"
EndProject
Project("{FAE04EC0-301F-11D3-BF4B-00C04F79EFBC}") = "ASE.ScienceDirectExtractor.Console", "ASE.ScienceDirectExtractor.Console\ASE.ScienceDirectExtractor.Console.csproj", "{E358967D-1785-4C1D-AE99-B535383CD339}"
EndProject
Project("{2150E333-8FDC-42A3-9474-1A3956D46DE8}") = "Solution Items", "Solution Items", "{5EE0CE85-CA24-4B59-BD0D-7798A6685AFD}"
	ProjectSection(SolutionItems) = preProject
		Readme.md = Readme.md
	EndProjectSection
EndProject
Global
	GlobalSection(SolutionConfigurationPlatforms) = preSolution
		Debug|Any CPU = Debug|Any CPU
		Release|Any CPU = Release|Any CPU
	EndGlobalSection
	GlobalSection(ProjectConfigurationPlatforms) = postSolution
		{A4A50801-6C51-4092-B42B-F7E48AE15C83}.Debug|Any CPU.ActiveCfg = Debug|Any CPU
		{A4A50801-6C51-4092-B42B-F7E48AE15C83}.Debug|Any CPU.Build.0 = Debug|Any CPU
		{A4A50801-6C51-4092-B42B-F7E48AE15C83}.Release|Any CPU.ActiveCfg = Release|Any CPU
		{A4A50801-6C51-4092-B42B-F7E48AE15C83}.Release|Any CPU.Build.0 = Release|Any CPU
		{C61774C8-A33A-43A2-BB33-23280BD1BF5B}.Debug|Any CPU.ActiveCfg = Debug|Any CPU
		{C61774C8-A33A-43A2-BB33-23280BD1BF5B}.Debug|Any CPU.Build.0 = Debug|Any CPU
		{C61774C8-A33A-43A2-BB33-23280BD1BF5B}.Release|Any CPU.ActiveCfg = Release|Any CPU
		{C61774C8-A33A-43A2-BB33-23280BD1BF5B}.Release|Any CPU.Build.0 = Release|Any CPU
		{F59416A2-93C8-4111-92BC-C625499A060A}.Debug|Any CPU.ActiveCfg = Debug|Any CPU
		{F59416A2-93C8-4111-92BC-C625499A060A}.Debug|Any CPU.Build.0 = Debug|Any CPU
		{F59416A2-93C8-4111-92BC-C625499A060A}.Release|Any CPU.ActiveCfg = Release|Any CPU
		{F59416A2-93C8-4111-92BC-C625499A060A}.Release|Any CPU.Build.0 = Release|Any CPU
		{3F5E8FD8-7B02-4C6D-B9F2-64741FAD312F}.Debug|Any CPU.ActiveCfg = Debug|Any CPU
		{3F5E8FD8-7B02-4C6D-B9F2-64741FAD312F}.Debug|Any CPU.Build.0 = Debug|Any CPU
		{3F5E8FD8-7B02-4C6D-B9F2-64741FAD312F}.Release|Any CPU.ActiveCfg = Release|Any CPU
		{3F5E8FD8-7B02-4C6D-B9F2-64741FAD312F}.Release|Any CPU.Build.0 = Release|Any CPU
		{E358967D-1785-4C1D-AE99-B535383CD339}.Debug|Any CPU.ActiveCfg = Debug|Any CPU
		{E358967D-1785-4C1D-AE99-B535383CD339}.Debug|Any CPU.Build.0 = Debug|Any CPU
		{E358967D-1785-4C1D-AE99-B535383CD339}.Release|Any CPU.ActiveCfg = Release|Any CPU
		{E358967D-1785-4C1D-AE99-B535383CD339}.Release|Any CPU.Build.0 = Release|Any CPU
	EndGlobalSection
	GlobalSection(SolutionProperties) = preSolution
		HideSolutionNode = FALSE
	EndGlobalSection
	GlobalSection(NestedProjects) = preSolution
		{3F5E8FD8-7B02-4C6D-B9F2-64741FAD312F} = {95DBB533-56FD-44BB-A165-5907CCE2FB0A}
	EndGlobalSection
EndGlobal
